{
    "doctrine/annotations": {
        "version": "1.0",
        "recipe": {
            "repo": "github.com/symfony/recipes",
            "branch": "master",
            "version": "1.0",
            "ref": "cb4152ebcadbe620ea2261da1a1c5a9b8cea7672"
        },
        "files": [
            "config/routes/annotations.yaml"
        ]
    },
    "doctrine/lexer": {
        "version": "v1.0.1"
    },
    "phpbenchmarks/benchmark-rest-data": {
        "version": "1.1.0"
    },
    "phpbenchmarks/symfony-common": {
        "version": "4.1.0"
    },
    "phpdocumentor/reflection-common": {
        "version": "1.0.1"
    },
    "phpdocumentor/reflection-docblock": {
        "version": "4.3.1"
    },
    "phpdocumentor/type-resolver": {
        "version": "0.4.0"
    },
    "psr/cache": {
        "version": "1.0.x-dev"
    },
    "psr/container": {
        "version": "1.0.x-dev"
    },
    "psr/log": {
        "version": "1.0.x-dev"
    },
    "psr/simple-cache": {
        "version": "1.0.x-dev"
    },
    "symfony/cache": {
        "version": "4.2-dev"
    },
    "symfony/cache-contracts": {
        "version": "v1.1.1"
    },
    "symfony/config": {
        "version": "4.2-dev"
    },
    "symfony/console": {
        "version": "3.3",
        "recipe": {
            "repo": "github.com/symfony/recipes",
            "branch": "491",
            "version": "3.3",
            "ref": ""
        }
    },
    "symfony/debug": {
        "version": "4.2-dev"
    },
    "symfony/dependency-injection": {
        "version": "4.2-dev"
    },
    "symfony/dotenv": {
        "version": "v4.3.0"
    },
    "symfony/event-dispatcher": {
        "version": "4.2-dev"
    },
    "symfony/event-dispatcher-contracts": {
        "version": "v1.1.1"
    },
    "symfony/filesystem": {
        "version": "4.2-dev"
    },
    "symfony/finder": {
        "version": "4.2-dev"
    },
    "symfony/flex": {
        "version": "1.0",
        "recipe": {
            "repo": "github.com/symfony/recipes",
            "branch": "491",
            "version": "1.0",
            "ref": ""
        }
    },
    "symfony/framework-bundle": {
        "version": "4.2",
        "recipe": {
            "repo": "github.com/symfony/recipes",
            "branch": "491",
            "version": "4.2",
            "ref": ""
        }
    },
    "symfony/http-foundation": {
        "version": "4.2-dev"
    },
    "symfony/http-kernel": {
        "version": "4.2-dev"
    },
    "symfony/inflector": {
        "version": "v4.3.0"
    },
    "symfony/lts": {
        "version": "4-dev"
    },
    "symfony/mime": {
        "version": "v4.3.0-beta1"
    },
    "symfony/polyfill-intl-idn": {
        "version": "v1.11.0"
    },
    "symfony/polyfill-mbstring": {
        "version": "v1.10.0"
    },
    "symfony/polyfill-php72": {
        "version": "v1.11.0"
    },
    "symfony/polyfill-php73": {
        "version": "v1.11.0"
    },
    "symfony/property-access": {
        "version": "v4.3.0"
    },
    "symfony/property-info": {
        "version": "v4.3.0"
    },
    "symfony/routing": {
        "version": "4.2",
        "recipe": {
            "repo": "github.com/symfony/recipes",
            "branch": "491",
            "version": "4.2",
            "ref": ""
        }
    },
    "symfony/serializer": {
        "version": "v4.3.0"
    },
    "symfony/serializer-pack": {
        "version": "v1.0.2"
    },
    "symfony/service-contracts": {
        "version": "v1.1.2"
    },
    "symfony/translation": {
        "version": "3.3",
        "recipe": {
            "repo": "github.com/symfony/recipes",
            "branch": "master",
            "version": "3.3",
            "ref": "1fb02a6e1c8f3d4232cce485c9afa868d63b115a"
        },
        "files": [
            "config/packages/translation.yaml",
            "translations/.gitignore"
        ]
    },
    "symfony/translation-contracts": {
        "version": "v1.1.2"
    },
    "symfony/var-exporter": {
        "version": "4.2-dev"
    },
    "symfony/yaml": {
        "version": "4.2-dev"
    },
    "webmozart/assert": {
        "version": "1.4.0"
    }
}
