{
    "phpbenchmarks/symfony-common": {
        "version": "4.1.0"
    },
    "psr/cache": {
        "version": "1.0.x-dev"
    },
    "psr/container": {
        "version": "1.0.x-dev"
    },
    "psr/log": {
        "version": "1.0.x-dev"
    },
    "psr/simple-cache": {
        "version": "1.0.x-dev"
    },
    "symfony/cache": {
        "version": "4.2-dev"
    },
    "symfony/config": {
        "version": "4.2-dev"
    },
    "symfony/console": {
        "version": "3.3",
        "recipe": {
            "repo": "github.com/symfony/recipes",
            "branch": "491",
            "version": "3.3",
            "ref": ""
        }
    },
    "symfony/contracts": {
        "version": "1.0-dev"
    },
    "symfony/debug": {
        "version": "4.2-dev"
    },
    "symfony/dependency-injection": {
        "version": "4.2-dev"
    },
    "symfony/dotenv": {
        "version": "4.2-dev"
    },
    "symfony/event-dispatcher": {
        "version": "4.2-dev"
    },
    "symfony/filesystem": {
        "version": "4.2-dev"
    },
    "symfony/finder": {
        "version": "4.2-dev"
    },
    "symfony/flex": {
        "version": "1.0",
        "recipe": {
            "repo": "github.com/symfony/recipes",
            "branch": "491",
            "version": "1.0",
            "ref": ""
        }
    },
    "symfony/framework-bundle": {
        "version": "4.2",
        "recipe": {
            "repo": "github.com/symfony/recipes",
            "branch": "491",
            "version": "4.2",
            "ref": ""
        }
    },
    "symfony/http-foundation": {
        "version": "4.2-dev"
    },
    "symfony/http-kernel": {
        "version": "4.2-dev"
    },
    "symfony/lts": {
        "version": "4-dev"
    },
    "symfony/polyfill-mbstring": {
        "version": "v1.10.0"
    },
    "symfony/routing": {
        "version": "4.2",
        "recipe": {
            "repo": "github.com/symfony/recipes",
            "branch": "491",
            "version": "4.2",
            "ref": ""
        }
    },
    "symfony/var-exporter": {
        "version": "4.2-dev"
    },
    "symfony/yaml": {
        "version": "4.2-dev"
    }
}
